#include <opencv2/core/core.hpp>
#include <opencv2/highgui/highgui.hpp>
#include <opencv2/imgproc.hpp>
#include<amp_graphics.h>
#include <iostream>

using namespace cv;
using namespace std;

int main() {


	string image_path = "C:\\Users\\LENOVO\\Pictures\\art.png";
		Mat image = imread(image_path, IMREAD_COLOR);
	imshow("image", image);
	waitKey(50000);
	return 0;
}
